
Microsoft Visual Studio Solution File, Format Version 12.00
# Visual Studio Version 17
VisualStudioVersion = 17.8.34322.80
MinimumVisualStudioVersion = 10.0.40219.1
Project("{FAE04EC0-301F-11D3-BF4B-00C04F79EFBC}") = "GithubPractice", "GithubPractice\GithubPractice.csproj", "{9C4FB2BA-9897-4287-88D8-E05176596454}"
EndProject
Global
	GlobalSection(SolutionConfigurationPlatforms) = preSolution
		Debug|Any CPU = Debug|Any CPU
		Release|Any CPU = Release|Any CPU
	EndGlobalSection
	GlobalSection(ProjectConfigurationPlatforms) = postSolution
		{9C4FB2BA-9897-4287-88D8-E05176596454}.Debug|Any CPU.ActiveCfg = Debug|Any CPU
		{9C4FB2BA-9897-4287-88D8-E05176596454}.Debug|Any CPU.Build.0 = Debug|Any CPU
		{9C4FB2BA-9897-4287-88D8-E05176596454}.Release|Any CPU.ActiveCfg = Release|Any CPU
		{9C4FB2BA-9897-4287-88D8-E05176596454}.Release|Any CPU.Build.0 = Release|Any CPU
	EndGlobalSection
	GlobalSection(SolutionProperties) = preSolution
		HideSolutionNode = FALSE
	EndGlobalSection
	GlobalSection(ExtensibilityGlobals) = postSolution
		SolutionGuid = {D18DE6FC-2482-450F-B864-7E2AF065A002}
	EndGlobalSection
EndGlobal
